[[package]]
name = "atomicwrites"
version = "1.4.0"
description = "Atomic file writes."
category = "dev"
optional = false
python-versions = ">=2.7, !=3.0.*, !=3.1.*, !=3.2.*, !=3.3.*"

[[package]]
name = "attrs"
version = "21.2.0"
description = "Classes Without Boilerplate"
category = "dev"
optional = false
python-versions = ">=2.7, !=3.0.*, !=3.1.*, !=3.2.*, !=3.3.*, !=3.4.*"

[package.extras]
dev = ["coverage[toml] (>=5.0.2)", "hypothesis", "pympler", "pytest (>=4.3.0)", "six", "mypy", "pytest-mypy-plugins", "zope.interface", "furo", "sphinx", "sphinx-notfound-page", "pre-commit"]
docs = ["furo", "sphinx", "zope.interface", "sphinx-notfound-page"]
tests = ["coverage[toml] (>=5.0.2)", "hypothesis", "pympler", "pytest (>=4.3.0)", "six", "mypy", "pytest-mypy-plugins", "zope.interface"]
tests_no_zope = ["coverage[toml] (>=5.0.2)", "hypothesis", "pympler", "pytest (>=4.3.0)", "six", "mypy", "pytest-mypy-plugins"]

[[package]]
name = "click"
version = "8.0.3"
description = "Composable command line interface toolkit"
category = "main"
optional = false
python-versions = ">=3.6"

[package.dependencies]
colorama = {version = "*", markers = "platform_system == \"Windows\""}

[[package]]
name = "colorama"
version = "0.4.4"
description = "Cross-platform colored terminal text."
category = "main"
optional = false
python-versions = ">=2.7, !=3.0.*, !=3.1.*, !=3.2.*, !=3.3.*, !=3.4.*"

[[package]]
name = "ijson"
version = "3.1.4"
description = "Iterative JSON parser with standard Python iterator interfaces"
category = "main"
optional = false
python-versions = "*"

[[package]]
name = "iniconfig"
version = "1.1.1"
description = "iniconfig: brain-dead simple config-ini parsing"
category = "dev"
optional = false
python-versions = "*"

[[package]]
name = "json-streams"
version = "0.10.1"
description = "Stream objects from json-arrays or json lines lazily.."
category = "main"
optional = false
python-versions = "*"

[package.dependencies]
ijson = "*"
simplejson = "*"

[package.extras]
dev = ["pytest", "pytest-cov", "flake8", "black", "isort", "reno", "pylint", "bump2version", "mypy", "types-orjson"]
orjson = ["orjson"]

[[package]]
name = "packaging"
version = "21.2"
description = "Core utilities for Python packages"
category = "dev"
optional = false
python-versions = ">=3.6"

[package.dependencies]
pyparsing = ">=2.0.2,<3"

[[package]]
name = "pluggy"
version = "1.0.0"
description = "plugin and hook calling mechanisms for python"
category = "dev"
optional = false
python-versions = ">=3.6"

[package.extras]
dev = ["pre-commit", "tox"]
testing = ["pytest", "pytest-benchmark"]

[[package]]
name = "py"
version = "1.11.0"
description = "library with cross-python path, ini-parsing, io, code, log facilities"
category = "dev"
optional = false
python-versions = ">=2.7, !=3.0.*, !=3.1.*, !=3.2.*, !=3.3.*, !=3.4.*"

[[package]]
name = "pyparsing"
version = "2.4.7"
description = "Python parsing module"
category = "dev"
optional = false
python-versions = ">=2.6, !=3.0.*, !=3.1.*, !=3.2.*"

[[package]]
name = "pytest"
version = "6.2.5"
description = "pytest: simple powerful testing with Python"
category = "dev"
optional = false
python-versions = ">=3.6"

[package.dependencies]
atomicwrites = {version = ">=1.0", markers = "sys_platform == \"win32\""}
attrs = ">=19.2.0"
colorama = {version = "*", markers = "sys_platform == \"win32\""}
iniconfig = "*"
packaging = "*"
pluggy = ">=0.12,<2.0"
py = ">=1.8.2"
toml = "*"

[package.extras]
testing = ["argcomplete", "hypothesis (>=3.56)", "mock", "nose", "requests", "xmlschema"]

[[package]]
name = "simplejson"
version = "3.17.5"
description = "Simple, fast, extensible JSON encoder/decoder for Python"
category = "main"
optional = false
python-versions = ">=2.5, !=3.0.*, !=3.1.*, !=3.2.*"

[[package]]
name = "toml"
version = "0.10.2"
description = "Python Library for Tom's Obvious, Minimal Language"
category = "dev"
optional = false
python-versions = ">=2.6, !=3.0.*, !=3.1.*, !=3.2.*"

[[package]]
name = "typer"
version = "0.4.0"
description = "Typer, build great CLIs. Easy to code. Based on Python type hints."
category = "main"
optional = false
python-versions = ">=3.6"

[package.dependencies]
click = ">=7.1.1,<9.0.0"

[package.extras]
all = ["colorama (>=0.4.3,<0.5.0)", "shellingham (>=1.3.0,<2.0.0)"]
dev = ["autoflake (>=1.3.1,<2.0.0)", "flake8 (>=3.8.3,<4.0.0)"]
doc = ["mkdocs (>=1.1.2,<2.0.0)", "mkdocs-material (>=5.4.0,<6.0.0)", "markdown-include (>=0.5.1,<0.6.0)"]
test = ["shellingham (>=1.3.0,<2.0.0)", "pytest (>=4.4.0,<5.4.0)", "pytest-cov (>=2.10.0,<3.0.0)", "coverage (>=5.2,<6.0)", "pytest-xdist (>=1.32.0,<2.0.0)", "pytest-sugar (>=0.9.4,<0.10.0)", "mypy (==0.910)", "black (>=19.10b0,<20.0b0)", "isort (>=5.0.6,<6.0.0)"]

[metadata]
lock-version = "1.1"
python-versions = "^3.9"
content-hash = "010dcb6abc4c3de11881f091236299a2d7a78ff2d6231b84af6b646bebd35a82"

[metadata.files]
atomicwrites = [
    {file = "atomicwrites-1.4.0-py2.py3-none-any.whl", hash = "sha256:6d1784dea7c0c8d4a5172b6c620f40b6e4cbfdf96d783691f2e1302a7b88e197"},
    {file = "atomicwrites-1.4.0.tar.gz", hash = "sha256:ae70396ad1a434f9c7046fd2dd196fc04b12f9e91ffb859164193be8b6168a7a"},
]
attrs = [
    {file = "attrs-21.2.0-py2.py3-none-any.whl", hash = "sha256:149e90d6d8ac20db7a955ad60cf0e6881a3f20d37096140088356da6c716b0b1"},
    {file = "attrs-21.2.0.tar.gz", hash = "sha256:ef6aaac3ca6cd92904cdd0d83f629a15f18053ec84e6432106f7a4d04ae4f5fb"},
]
click = [
    {file = "click-8.0.3-py3-none-any.whl", hash = "sha256:353f466495adaeb40b6b5f592f9f91cb22372351c84caeb068132442a4518ef3"},
    {file = "click-8.0.3.tar.gz", hash = "sha256:410e932b050f5eed773c4cda94de75971c89cdb3155a72a0831139a79e5ecb5b"},
]
colorama = [
    {file = "colorama-0.4.4-py2.py3-none-any.whl", hash = "sha256:9f47eda37229f68eee03b24b9748937c7dc3868f906e8ba69fbcbdd3bc5dc3e2"},
    {file = "colorama-0.4.4.tar.gz", hash = "sha256:5941b2b48a20143d2267e95b1c2a7603ce057ee39fd88e7329b0c292aa16869b"},
]
ijson = [
    {file = "ijson-3.1.4-cp27-cp27m-macosx_10_9_x86_64.whl", hash = "sha256:6c1a777096be5f75ffebb335c6d2ebc0e489b231496b7f2ca903aa061fe7d381"},
    {file = "ijson-3.1.4-cp27-cp27m-manylinux1_i686.whl", hash = "sha256:475fc25c3d2a86230b85777cae9580398b42eed422506bf0b6aacfa936f7bfcd"},
    {file = "ijson-3.1.4-cp27-cp27m-manylinux1_x86_64.whl", hash = "sha256:f587699b5a759e30accf733e37950cc06c4118b72e3e146edcea77dded467426"},
    {file = "ijson-3.1.4-cp27-cp27m-manylinux2010_i686.whl", hash = "sha256:339b2b4c7bbd64849dd69ef94ee21e29dcd92c831f47a281fdd48122bb2a715a"},
    {file = "ijson-3.1.4-cp27-cp27m-manylinux2010_x86_64.whl", hash = "sha256:446ef8980504da0af8d20d3cb6452c4dc3d8aa5fd788098985e899b913191fe6"},
    {file = "ijson-3.1.4-cp27-cp27mu-manylinux1_i686.whl", hash = "sha256:3997a2fdb28bc04b9ab0555db5f3b33ed28d91e9d42a3bf2c1842d4990beb158"},
    {file = "ijson-3.1.4-cp27-cp27mu-manylinux1_x86_64.whl", hash = "sha256:fa10a1d88473303ec97aae23169d77c5b92657b7fb189f9c584974c00a79f383"},
    {file = "ijson-3.1.4-cp27-cp27mu-manylinux2010_i686.whl", hash = "sha256:9a5bf5b9d8f2ceaca131ee21fc7875d0f34b95762f4f32e4d65109ca46472147"},
    {file = "ijson-3.1.4-cp27-cp27mu-manylinux2010_x86_64.whl", hash = "sha256:81cc8cee590c8a70cca3c9aefae06dd7cb8e9f75f3a7dc12b340c2e332d33a2a"},
    {file = "ijson-3.1.4-cp35-cp35m-macosx_10_9_x86_64.whl", hash = "sha256:3b98861a4280cf09d267986cefa46c3bd80af887eae02aba07488d80eb798afa"},
    {file = "ijson-3.1.4-cp35-cp35m-manylinux1_i686.whl", hash = "sha256:068c692efba9692406b86736dcc6803e4a0b6280d7f0b7534bff3faec677ff38"},
    {file = "ijson-3.1.4-cp35-cp35m-manylinux1_x86_64.whl", hash = "sha256:86884ac06ac69cea6d89ab7b84683b3b4159c4013e4a20276d3fc630fe9b7588"},
    {file = "ijson-3.1.4-cp35-cp35m-manylinux2010_i686.whl", hash = "sha256:41e5886ff6fade26f10b87edad723d2db14dcbb1178717790993fcbbb8ccd333"},
    {file = "ijson-3.1.4-cp35-cp35m-manylinux2010_x86_64.whl", hash = "sha256:24b58933bf777d03dc1caa3006112ec7f9e6f6db6ffe1f5f5bd233cb1281f719"},
    {file = "ijson-3.1.4-cp35-cp35m-manylinux2014_aarch64.whl", hash = "sha256:13f80aad0b84d100fb6a88ced24bade21dc6ddeaf2bba3294b58728463194f50"},
    {file = "ijson-3.1.4-cp35-cp35m-win32.whl", hash = "sha256:fa9a25d0bd32f9515e18a3611690f1de12cb7d1320bd93e9da835936b41ad3ff"},
    {file = "ijson-3.1.4-cp35-cp35m-win_amd64.whl", hash = "sha256:c4c1bf98aaab4c8f60d238edf9bcd07c896cfcc51c2ca84d03da22aad88957c5"},
    {file = "ijson-3.1.4-cp36-cp36m-macosx_10_9_x86_64.whl", hash = "sha256:f0f2a87c423e8767368aa055310024fa28727f4454463714fef22230c9717f64"},
    {file = "ijson-3.1.4-cp36-cp36m-manylinux1_i686.whl", hash = "sha256:15507de59d74d21501b2a076d9c49abf927eb58a51a01b8f28a0a0565db0a99f"},
    {file = "ijson-3.1.4-cp36-cp36m-manylinux1_x86_64.whl", hash = "sha256:2e6bd6ad95ab40c858592b905e2bbb4fe79bbff415b69a4923dafe841ffadcb4"},
    {file = "ijson-3.1.4-cp36-cp36m-manylinux2010_i686.whl", hash = "sha256:68e295bb12610d086990cedc89fb8b59b7c85740d66e9515aed062649605d0bf"},
    {file = "ijson-3.1.4-cp36-cp36m-manylinux2010_x86_64.whl", hash = "sha256:3bb461352c0f0f2ec460a4b19400a665b8a5a3a2da663a32093df1699642ee3f"},
    {file = "ijson-3.1.4-cp36-cp36m-manylinux2014_aarch64.whl", hash = "sha256:f91c75edd6cf1a66f02425bafc59a22ec29bc0adcbc06f4bfd694d92f424ceb3"},
    {file = "ijson-3.1.4-cp36-cp36m-win32.whl", hash = "sha256:4c53cc72f79a4c32d5fc22efb85aa22f248e8f4f992707a84bdc896cc0b1ecf9"},
    {file = "ijson-3.1.4-cp36-cp36m-win_amd64.whl", hash = "sha256:ac9098470c1ff6e5c23ec0946818bc102bfeeeea474554c8d081dc934be20988"},
    {file = "ijson-3.1.4-cp37-cp37m-macosx_10_9_x86_64.whl", hash = "sha256:dcd6f04df44b1945b859318010234651317db2c4232f75e3933f8bb41c4fa055"},
    {file = "ijson-3.1.4-cp37-cp37m-manylinux1_i686.whl", hash = "sha256:5a2f40c053c837591636dc1afb79d85e90b9a9d65f3d9963aae31d1eb11bfed2"},
    {file = "ijson-3.1.4-cp37-cp37m-manylinux1_x86_64.whl", hash = "sha256:f50337e3b8e72ec68441b573c2848f108a8976a57465c859b227ebd2a2342901"},
    {file = "ijson-3.1.4-cp37-cp37m-manylinux2010_i686.whl", hash = "sha256:454918f908abbed3c50a0a05c14b20658ab711b155e4f890900e6f60746dd7cc"},
    {file = "ijson-3.1.4-cp37-cp37m-manylinux2010_x86_64.whl", hash = "sha256:387c2ec434cc1bc7dc9bd33ec0b70d95d443cc1e5934005f26addc2284a437ab"},
    {file = "ijson-3.1.4-cp37-cp37m-manylinux2014_aarch64.whl", hash = "sha256:179ed6fd42e121d252b43a18833df2de08378fac7bce380974ef6f5e522afefa"},
    {file = "ijson-3.1.4-cp37-cp37m-win32.whl", hash = "sha256:26a6a550b270df04e3f442e2bf0870c9362db4912f0e7bdfd300f30ea43115a2"},
    {file = "ijson-3.1.4-cp37-cp37m-win_amd64.whl", hash = "sha256:ff8cf7507d9d8939264068c2cff0a23f99703fa2f31eb3cb45a9a52798843586"},
    {file = "ijson-3.1.4-cp38-cp38-macosx_10_9_x86_64.whl", hash = "sha256:09c9d7913c88a6059cd054ff854958f34d757402b639cf212ffbec201a705a0d"},
    {file = "ijson-3.1.4-cp38-cp38-manylinux1_i686.whl", hash = "sha256:702ba9a732116d659a5e950ee176be6a2e075998ef1bcde11cbf79a77ed0f717"},
    {file = "ijson-3.1.4-cp38-cp38-manylinux1_x86_64.whl", hash = "sha256:667841591521158770adc90793c2bdbb47c94fe28888cb802104b8bbd61f3d51"},
    {file = "ijson-3.1.4-cp38-cp38-manylinux2010_i686.whl", hash = "sha256:df641dd07b38c63eecd4f454db7b27aa5201193df160f06b48111ba97ab62504"},
    {file = "ijson-3.1.4-cp38-cp38-manylinux2010_x86_64.whl", hash = "sha256:9348e7d507eb40b52b12eecff3d50934fcc3d2a15a2f54ec1127a36063b9ba8f"},
    {file = "ijson-3.1.4-cp38-cp38-manylinux2014_aarch64.whl", hash = "sha256:93455902fdc33ba9485c7fae63ac95d96e0ab8942224a357113174bbeaff92e9"},
    {file = "ijson-3.1.4-cp38-cp38-win32.whl", hash = "sha256:5b725f2e984ce70d464b195f206fa44bebbd744da24139b61fec72de77c03a16"},
    {file = "ijson-3.1.4-cp38-cp38-win_amd64.whl", hash = "sha256:a5965c315fbb2dc9769dfdf046eb07daf48ae20b637da95ec8d62b629be09df4"},
    {file = "ijson-3.1.4-cp39-cp39-macosx_10_9_x86_64.whl", hash = "sha256:b8ee7dbb07cec9ba29d60cfe4954b3cc70adb5f85bba1f72225364b59c1cf82b"},
    {file = "ijson-3.1.4-cp39-cp39-manylinux1_i686.whl", hash = "sha256:d9e01c55d501e9c3d686b6ee3af351c9c0c8c3e45c5576bd5601bee3e1300b09"},
    {file = "ijson-3.1.4-cp39-cp39-manylinux1_x86_64.whl", hash = "sha256:297f26f27a04cd0d0a2f865d154090c48ea11b239cabe0a17a6c65f0314bd1ca"},
    {file = "ijson-3.1.4-cp39-cp39-manylinux2010_i686.whl", hash = "sha256:9239973100338a4138d09d7a4602bd289861e553d597cd67390c33bfc452253e"},
    {file = "ijson-3.1.4-cp39-cp39-manylinux2010_x86_64.whl", hash = "sha256:2a64c66a08f56ed45a805691c2fd2e1caef00edd6ccf4c4e5eff02cd94ad8364"},
    {file = "ijson-3.1.4-cp39-cp39-manylinux2014_aarch64.whl", hash = "sha256:d17fd199f0d0a4ab6e0d541b4eec1b68b5bd5bb5d8104521e22243015b51049b"},
    {file = "ijson-3.1.4-cp39-cp39-win32.whl", hash = "sha256:70ee3c8fa0eba18c80c5911639c01a8de4089a4361bad2862a9949e25ec9b1c8"},
    {file = "ijson-3.1.4-cp39-cp39-win_amd64.whl", hash = "sha256:6bf2b64304321705d03fa5e403ec3f36fa5bb27bf661849ad62e0a3a49bc23e3"},
    {file = "ijson-3.1.4-pp27-pypy_73-macosx_10_9_x86_64.whl", hash = "sha256:5d7e3fcc3b6de76a9dba1e9fc6ca23dad18f0fa6b4e6499415e16b684b2e9af1"},
    {file = "ijson-3.1.4-pp27-pypy_73-manylinux1_x86_64.whl", hash = "sha256:a72eb0359ebff94754f7a2f00a6efe4c57716f860fc040c606dedcb40f49f233"},
    {file = "ijson-3.1.4-pp27-pypy_73-manylinux2010_x86_64.whl", hash = "sha256:28fc168f5faf5759fdfa2a63f85f1f7a148bbae98f34404a6ba19f3d08e89e87"},
    {file = "ijson-3.1.4-pp36-pypy36_pp73-macosx_10_9_x86_64.whl", hash = "sha256:2844d4a38d27583897ed73f7946e205b16926b4cab2525d1ce17e8b08064c706"},
    {file = "ijson-3.1.4-pp36-pypy36_pp73-manylinux1_x86_64.whl", hash = "sha256:252defd1f139b5fb8c764d78d5e3a6df81543d9878c58992a89b261369ea97a7"},
    {file = "ijson-3.1.4-pp36-pypy36_pp73-manylinux2010_x86_64.whl", hash = "sha256:15d5356b4d090c699f382c8eb6a2bcd5992a8c8e8b88c88bc6e54f686018328a"},
    {file = "ijson-3.1.4-pp36-pypy36_pp73-win32.whl", hash = "sha256:6774ec0a39647eea70d35fb76accabe3d71002a8701c0545b9120230c182b75b"},
    {file = "ijson-3.1.4-pp37-pypy37_pp73-macosx_10_9_x86_64.whl", hash = "sha256:f11da15ec04cc83ff0f817a65a3392e169be8d111ba81f24d6e09236597bb28c"},
    {file = "ijson-3.1.4-pp37-pypy37_pp73-manylinux1_x86_64.whl", hash = "sha256:ee13ceeed9b6cf81b3b8197ef15595fc43fd54276842ed63840ddd49db0603da"},
    {file = "ijson-3.1.4-pp37-pypy37_pp73-manylinux2010_x86_64.whl", hash = "sha256:97e4df67235fae40d6195711223520d2c5bf1f7f5087c2963fcde44d72ebf448"},
    {file = "ijson-3.1.4-pp37-pypy37_pp73-win32.whl", hash = "sha256:3d10eee52428f43f7da28763bb79f3d90bbbeea1accb15de01e40a00885b6e89"},
    {file = "ijson-3.1.4.tar.gz", hash = "sha256:1d1003ae3c6115ec9b587d29dd136860a81a23c7626b682e2b5b12c9fd30e4ea"},
]
iniconfig = [
    {file = "iniconfig-1.1.1-py2.py3-none-any.whl", hash = "sha256:011e24c64b7f47f6ebd835bb12a743f2fbe9a26d4cecaa7f53bc4f35ee9da8b3"},
    {file = "iniconfig-1.1.1.tar.gz", hash = "sha256:bc3af051d7d14b2ee5ef9969666def0cd1a000e121eaea580d4a313df4b37f32"},
]
json-streams = [
    {file = "json-streams-0.10.1.tar.gz", hash = "sha256:7790a66a6ef148592ad3c31d8300fd7a364951100a9a7f2c5472f4cac662f3ab"},
    {file = "json_streams-0.10.1-py3-none-any.whl", hash = "sha256:d31035d62c574f5441d12d7d68849c07ad0bb3d4700255596c9d1e7efee5e7a1"},
]
packaging = [
    {file = "packaging-21.2-py3-none-any.whl", hash = "sha256:14317396d1e8cdb122989b916fa2c7e9ca8e2be9e8060a6eff75b6b7b4d8a7e0"},
    {file = "packaging-21.2.tar.gz", hash = "sha256:096d689d78ca690e4cd8a89568ba06d07ca097e3306a4381635073ca91479966"},
]
pluggy = [
    {file = "pluggy-1.0.0-py2.py3-none-any.whl", hash = "sha256:74134bbf457f031a36d68416e1509f34bd5ccc019f0bcc952c7b909d06b37bd3"},
    {file = "pluggy-1.0.0.tar.gz", hash = "sha256:4224373bacce55f955a878bf9cfa763c1e360858e330072059e10bad68531159"},
]
py = [
    {file = "py-1.11.0-py2.py3-none-any.whl", hash = "sha256:607c53218732647dff4acdfcd50cb62615cedf612e72d1724fb1a0cc6405b378"},
    {file = "py-1.11.0.tar.gz", hash = "sha256:51c75c4126074b472f746a24399ad32f6053d1b34b68d2fa41e558e6f4a98719"},
]
pyparsing = [
    {file = "pyparsing-2.4.7-py2.py3-none-any.whl", hash = "sha256:ef9d7589ef3c200abe66653d3f1ab1033c3c419ae9b9bdb1240a85b024efc88b"},
    {file = "pyparsing-2.4.7.tar.gz", hash = "sha256:c203ec8783bf771a155b207279b9bccb8dea02d8f0c9e5f8ead507bc3246ecc1"},
]
pytest = [
    {file = "pytest-6.2.5-py3-none-any.whl", hash = "sha256:7310f8d27bc79ced999e760ca304d69f6ba6c6649c0b60fb0e04a4a77cacc134"},
    {file = "pytest-6.2.5.tar.gz", hash = "sha256:131b36680866a76e6781d13f101efb86cf674ebb9762eb70d3082b6f29889e89"},
]
simplejson = [
    {file = "simplejson-3.17.5-cp27-cp27m-macosx_10_9_x86_64.whl", hash = "sha256:376023f51edaf7290332dacfb055bc00ce864cb013c0338d0dea48731f37e42f"},
    {file = "simplejson-3.17.5-cp27-cp27m-manylinux1_i686.whl", hash = "sha256:b2a5688606dffbe95e1347a05b77eb90489fe337edde888e23bbb7fd81b0d93b"},
    {file = "simplejson-3.17.5-cp27-cp27m-manylinux1_x86_64.whl", hash = "sha256:3ba82f8b421886f4a2311c43fb98faaf36c581976192349fef2a89ed0fcdbdef"},
    {file = "simplejson-3.17.5-cp27-cp27m-manylinux2010_i686.whl", hash = "sha256:7332f7b06d42153255f7bfeb10266141c08d48cc1a022a35473c95238ff2aebc"},
    {file = "simplejson-3.17.5-cp27-cp27m-manylinux2010_x86_64.whl", hash = "sha256:c2d5334d935af711f6d6dfeec2d34e071cdf73ec0df8e8bd35ac435b26d8da97"},
    {file = "simplejson-3.17.5-cp27-cp27mu-manylinux1_i686.whl", hash = "sha256:417b7e119d66085dc45bdd563dcb2c575ee10a3b1c492dd3502a029448d4be1c"},
    {file = "simplejson-3.17.5-cp27-cp27mu-manylinux1_x86_64.whl", hash = "sha256:42b7c7264229860fe879be961877f7466d9f7173bd6427b3ba98144a031d49fb"},
    {file = "simplejson-3.17.5-cp27-cp27mu-manylinux2010_i686.whl", hash = "sha256:5fe8c6dcb9e6f7066bdc07d3c410a2fca78c0d0b4e0e72510ffd20a60a20eb8e"},
    {file = "simplejson-3.17.5-cp27-cp27mu-manylinux2010_x86_64.whl", hash = "sha256:b92fbc2bc549c5045c8233d954f3260ccf99e0f3ec9edfd2372b74b350917752"},
    {file = "simplejson-3.17.5-cp310-cp310-macosx_10_9_universal2.whl", hash = "sha256:5f7f53b1edd4b23fb112b89208377480c0bcee45d43a03ffacf30f3290e0ed85"},
    {file = "simplejson-3.17.5-cp310-cp310-macosx_10_9_x86_64.whl", hash = "sha256:40ece8fa730d1a947bff792bcc7824bd02d3ce6105432798e9a04a360c8c07b0"},
    {file = "simplejson-3.17.5-cp310-cp310-macosx_11_0_arm64.whl", hash = "sha256:10defa88dd10a0a4763f16c1b5504e96ae6dc68953cfe5fc572b4a8fcaf9409b"},
    {file = "simplejson-3.17.5-cp310-cp310-manylinux_2_17_aarch64.manylinux2014_aarch64.whl", hash = "sha256:aa86cfdeb118795875855589934013e32895715ec2d9e8eb7a59be3e7e07a7e1"},
    {file = "simplejson-3.17.5-cp310-cp310-manylinux_2_5_i686.manylinux1_i686.manylinux_2_12_i686.manylinux2010_i686.whl", hash = "sha256:ce66f730031b9b3683b2fc6ad4160a18db86557c004c3d490a29bf8d450d7ab9"},
    {file = "simplejson-3.17.5-cp310-cp310-manylinux_2_5_x86_64.manylinux1_x86_64.manylinux_2_12_x86_64.manylinux2010_x86_64.whl", hash = "sha256:352c11582aa1e49a2f0f7f7d8fd5ec5311da890d1354287e83c63ab6af857cf5"},
    {file = "simplejson-3.17.5-cp310-cp310-win32.whl", hash = "sha256:8e595de17178dd3bbeb2c5b8ea97536341c63b7278639cb8ee2681a84c0ef037"},
    {file = "simplejson-3.17.5-cp310-cp310-win_amd64.whl", hash = "sha256:cb0afc3bad49eb89a579103616574a54b523856d20fc539a4f7a513a0a8ba4b2"},
    {file = "simplejson-3.17.5-cp36-cp36m-macosx_10_9_x86_64.whl", hash = "sha256:ade09aa3c284d11f39640aebdcbb748e1996f0c60504f8c4a0c5a9fec821e67a"},
    {file = "simplejson-3.17.5-cp36-cp36m-manylinux_2_17_aarch64.manylinux2014_aarch64.whl", hash = "sha256:87572213965fd8a4fb7a97f837221e01d8fddcfb558363c671b8aa93477fb6a2"},
    {file = "simplejson-3.17.5-cp36-cp36m-manylinux_2_5_i686.manylinux1_i686.manylinux_2_12_i686.manylinux2010_i686.whl", hash = "sha256:2b59acd09b02da97728d0bae8ff48876d7efcbbb08e569c55e2d0c2e018324f5"},
    {file = "simplejson-3.17.5-cp36-cp36m-manylinux_2_5_x86_64.manylinux1_x86_64.manylinux_2_12_x86_64.manylinux2010_x86_64.whl", hash = "sha256:e29b9cea4216ec130df85d8c36efb9985fda1c9039e4706fb30e0fb6a67602ff"},
    {file = "simplejson-3.17.5-cp36-cp36m-win32.whl", hash = "sha256:f550730d18edec4ff9d4252784b62adfe885d4542946b6d5a54c8a6521b56afd"},
    {file = "simplejson-3.17.5-cp36-cp36m-win_amd64.whl", hash = "sha256:1c2688365743b0f190392e674af5e313ebe9d621813d15f9332e874b7c1f2d04"},
    {file = "simplejson-3.17.5-cp37-cp37m-macosx_10_9_x86_64.whl", hash = "sha256:f13c48cc4363829bdfecc0c181b6ddf28008931de54908a492dc8ccd0066cd60"},
    {file = "simplejson-3.17.5-cp37-cp37m-manylinux_2_17_aarch64.manylinux2014_aarch64.whl", hash = "sha256:4a6943816e10028eeed512ea03be52b54ea83108b408d1049b999f58a760089b"},
    {file = "simplejson-3.17.5-cp37-cp37m-manylinux_2_5_i686.manylinux1_i686.manylinux_2_12_i686.manylinux2010_i686.whl", hash = "sha256:3d72aa9e73134dacd049a2d6f9bd219f7be9c004d03d52395831611d66cedb71"},
    {file = "simplejson-3.17.5-cp37-cp37m-manylinux_2_5_x86_64.manylinux1_x86_64.manylinux_2_12_x86_64.manylinux2010_x86_64.whl", hash = "sha256:5b94df70bd34a3b946c0eb272022fb0f8a9eb27cad76e7f313fedbee2ebe4317"},
    {file = "simplejson-3.17.5-cp37-cp37m-win32.whl", hash = "sha256:065230b9659ac38c8021fa512802562d122afb0cf8d4b89e257014dcddb5730a"},
    {file = "simplejson-3.17.5-cp37-cp37m-win_amd64.whl", hash = "sha256:86fcffc06f1125cb443e2bed812805739d64ceb78597ac3c1b2d439471a09717"},
    {file = "simplejson-3.17.5-cp38-cp38-macosx_10_9_universal2.whl", hash = "sha256:78c6f0ed72b440ebe1892d273c1e5f91e55e6861bea611d3b904e673152a7a4c"},
    {file = "simplejson-3.17.5-cp38-cp38-macosx_10_9_x86_64.whl", hash = "sha256:36b08b886027eac67e7a0e822e3a5bf419429efad7612e69501669d6252a21f2"},
    {file = "simplejson-3.17.5-cp38-cp38-macosx_11_0_arm64.whl", hash = "sha256:fe1c33f78d2060719d52ea9459d97d7ae3a5b707ec02548575c4fbed1d1d345b"},
    {file = "simplejson-3.17.5-cp38-cp38-manylinux_2_17_aarch64.manylinux2014_aarch64.whl", hash = "sha256:140eb58809f24d843736edb8080b220417e22c82ac07a3dfa473f57e78216b5f"},
    {file = "simplejson-3.17.5-cp38-cp38-manylinux_2_5_i686.manylinux1_i686.manylinux_2_12_i686.manylinux2010_i686.whl", hash = "sha256:7c9b30a2524ae6983b708f12741a31fbc2fb8d6fecd0b6c8584a62fd59f59e09"},
    {file = "simplejson-3.17.5-cp38-cp38-manylinux_2_5_x86_64.manylinux1_x86_64.manylinux_2_12_x86_64.manylinux2010_x86_64.whl", hash = "sha256:24e413bd845bd17d4d72063d64e053898543fb7abc81afeae13e5c43cef9c171"},
    {file = "simplejson-3.17.5-cp38-cp38-win32.whl", hash = "sha256:5f5051a13e7d53430a990604b532c9124253c5f348857e2d5106d45fc8533860"},
    {file = "simplejson-3.17.5-cp38-cp38-win_amd64.whl", hash = "sha256:188f2c78a8ac1eb7a70a4b2b7b9ad11f52181044957bf981fb3e399c719e30ee"},
    {file = "simplejson-3.17.5-cp39-cp39-macosx_10_9_universal2.whl", hash = "sha256:457d9cfe7ece1571770381edccdad7fc255b12cd7b5b813219441146d4f47595"},
    {file = "simplejson-3.17.5-cp39-cp39-macosx_10_9_x86_64.whl", hash = "sha256:fa843ee0d34c7193f5a816e79df8142faff851549cab31e84b526f04878ac778"},
    {file = "simplejson-3.17.5-cp39-cp39-macosx_11_0_arm64.whl", hash = "sha256:e2cc4b68e59319e3de778325e34fbff487bfdb2225530e89995402989898d681"},
    {file = "simplejson-3.17.5-cp39-cp39-manylinux_2_17_aarch64.manylinux2014_aarch64.whl", hash = "sha256:e90d2e219c3dce1500dda95f5b893c293c4d53c4e330c968afbd4e7a90ff4a5b"},
    {file = "simplejson-3.17.5-cp39-cp39-manylinux_2_5_i686.manylinux1_i686.manylinux_2_12_i686.manylinux2010_i686.whl", hash = "sha256:917f01db71d5e720b731effa3ff4a2c702a1b6dacad9bcdc580d86a018dfc3ca"},
    {file = "simplejson-3.17.5-cp39-cp39-manylinux_2_5_x86_64.manylinux1_x86_64.manylinux_2_12_x86_64.manylinux2010_x86_64.whl", hash = "sha256:07707ba69324eaf58f0c6f59d289acc3e0ed9ec528dae5b0d4219c0d6da27dc5"},
    {file = "simplejson-3.17.5-cp39-cp39-win32.whl", hash = "sha256:2df15814529a4625ea6f7b354a083609b3944c269b954ece0d0e7455872e1b2a"},
    {file = "simplejson-3.17.5-cp39-cp39-win_amd64.whl", hash = "sha256:71a54815ec0212b0cba23adc1b2a731bdd2df7b9e4432718b2ed20e8aaf7f01a"},
    {file = "simplejson-3.17.5.tar.gz", hash = "sha256:91cfb43fb91ff6d1e4258be04eee84b51a4ef40a28d899679b9ea2556322fb50"},
]
toml = [
    {file = "toml-0.10.2-py2.py3-none-any.whl", hash = "sha256:806143ae5bfb6a3c6e736a764057db0e6a0e05e338b5630894a5f779cabb4f9b"},
    {file = "toml-0.10.2.tar.gz", hash = "sha256:b3bda1d108d5dd99f4a20d24d9c348e91c4db7ab1b749200bded2f839ccbe68f"},
]
typer = [
    {file = "typer-0.4.0-py3-none-any.whl", hash = "sha256:d81169725140423d072df464cad1ff25ee154ef381aaf5b8225352ea187ca338"},
    {file = "typer-0.4.0.tar.gz", hash = "sha256:63c3aeab0549750ffe40da79a1b524f60e08a2cbc3126c520ebf2eeaf507f5dd"},
]
